# THIS IS AN AUTOGENERATED FILE. DO NOT EDIT THIS FILE DIRECTLY.
# yarn lockfile v1


"@openzeppelin/contracts@^4.6.0":
  version "4.6.0"
  resolved "https://registry.yarnpkg.com/@openzeppelin/contracts/-/contracts-4.6.0.tgz#c91cf64bc27f573836dba4122758b4743418c1b3"
  integrity sha512-8vi4d50NNya/bQqCmaVzvHNmwHvS0OBKb7HNtuNwEE3scXWrP31fKQoGxNMT+KbzmrNZzatE3QK5p2gFONI/hg==
