# @generated by Move, please check-in and do not edit manually.

[move]
version = 0

dependencies = [
  { name = "OmniSwapMock" },
  { name = "Sui" },
  { name = "TokenBridge" },
  { name = "Wormhole" },
]

[[move.package]]
name = "MoveStdlib"
source = { git = "https://github.com/MystenLabs/sui.git", rev = "cab7e9762d4d75126a78fdd009b405745657fe57", subdir = "crates/sui-framework/packages/move-stdlib" }

[[move.package]]
name = "OmniSwapMock"
source = { local = "mocks" }

dependencies = [
  { name = "Sui" },
  { name = "TestCoins" },
]

[[move.package]]
name = "Sui"
source = { git = "https://github.com/MystenLabs/sui.git", rev = "cab7e9762d4d75126a78fdd009b405745657fe57", subdir = "crates/sui-framework/packages/sui-framework" }

dependencies = [
  { name = "MoveStdlib" },
]

[[move.package]]
name = "TestCoins"
source = { local = "test_coins" }

dependencies = [
  { name = "Sui" },
]

[[move.package]]
name = "TokenBridge"
source = { git = "https://github.com/OmniBTC/wormhole.git", rev = "f88f836e5fdb80ee8804b061d749620480ae2615", subdir = "sui/token_bridge" }

dependencies = [
  { name = "Sui" },
  { name = "Wormhole" },
]

[[move.package]]
name = "Wormhole"
source = { git = "https://github.com/OmniBTC/wormhole.git", rev = "f88f836e5fdb80ee8804b061d749620480ae2615", subdir = "sui/wormhole" }

dependencies = [
  { name = "Sui" },
]
