# @generated by Move, please check-in and do not edit manually.

[move]
version = 0

dependencies = [
  { name = "CetusClmm" },
  { name = "DeepBook" },
  { name = "Sui" },
  { name = "TokenBridge" },
  { name = "Wormhole" },
]

[[move.package]]
name = "CetusClmm"
source = { local = "cetus/cetus-clmm-interface/sui/clmmpool" }

dependencies = [
  { name = "IntegerMate" },
  { name = "MoveSTL" },
  { name = "Sui" },
]

[[move.package]]
name = "DeepBook"
source = { git = "https://github.com/MystenLabs/sui.git", rev = "cc4ad6d8a3f05ad8641e977fad228e09a77453b8", subdir = "crates/sui-framework/packages/deepbook" }

dependencies = [
  { name = "MoveStdlib" },
  { name = "Sui" },
]

[[move.package]]
name = "IntegerMate"
source = { local = "cetus/integer-mate/sui" }

dependencies = [
  { name = "Sui" },
]

[[move.package]]
name = "MoveSTL"
source = { local = "cetus/move-stl/sui" }

dependencies = [
  { name = "Sui" },
]

[[move.package]]
name = "MoveStdlib"
source = { git = "https://github.com/MystenLabs/sui.git", rev = "cc4ad6d8a3f05ad8641e977fad228e09a77453b8", subdir = "crates/sui-framework/packages/move-stdlib" }

[[move.package]]
name = "Sui"
source = { git = "https://github.com/MystenLabs/sui.git", rev = "cc4ad6d8a3f05ad8641e977fad228e09a77453b8", subdir = "crates/sui-framework/packages/sui-framework" }

dependencies = [
  { name = "MoveStdlib" },
]

[[move.package]]
name = "TokenBridge"
source = { git = "https://github.com/OmniBTC/wormhole.git", rev = "fcfe551da0f46b704b76b09ae11dca3dd9387837", subdir = "sui/token_bridge" }

dependencies = [
  { name = "Sui" },
  { name = "Wormhole" },
]

[[move.package]]
name = "Wormhole"
source = { git = "https://github.com/OmniBTC/wormhole.git", rev = "fcfe551da0f46b704b76b09ae11dca3dd9387837", subdir = "sui/wormhole" }

dependencies = [
  { name = "Sui" },
]
