# @generated by Move, please check-in and do not edit manually.

[move]
version = 0

dependencies = [
  { name = "OmniSwapMock" },
  { name = "Sui" },
  { name = "TokenBridge" },
  { name = "Wormhole" },
]

[[move.package]]
name = "MoveStdlib"
source = { git = "https://github.com/MystenLabs/sui.git", rev = "a63f425b9999c7fdfe483598720a9effc0acdc9e", subdir = "crates/sui-framework/packages/move-stdlib" }

[[move.package]]
name = "OmniSwapMock"
source = { local = "mocks" }

dependencies = [
  { name = "Sui" },
  { name = "TestCoins" },
]

[[move.package]]
name = "Sui"
source = { git = "https://github.com/MystenLabs/sui.git", rev = "a63f425b9999c7fdfe483598720a9effc0acdc9e", subdir = "crates/sui-framework/packages/sui-framework" }

dependencies = [
  { name = "MoveStdlib" },
]

[[move.package]]
name = "TestCoins"
source = { local = "test_coins" }

dependencies = [
  { name = "Sui" },
]

[[move.package]]
name = "TokenBridge"
source = { git = "https://github.com/OmniBTC/wormhole.git", rev = "d26d9407fb6a4f17db29e1028202bb1c9f76cf8b", subdir = "sui/token_bridge" }

dependencies = [
  { name = "Sui" },
  { name = "Wormhole" },
]

[[move.package]]
name = "Wormhole"
source = { git = "https://github.com/OmniBTC/wormhole.git", rev = "d26d9407fb6a4f17db29e1028202bb1c9f76cf8b", subdir = "sui/wormhole" }

dependencies = [
  { name = "Sui" },
]
